
Microsoft Visual Studio Solution File, Format Version 12.00
# Visual Studio Version 17
VisualStudioVersion = 17.4.33205.214
MinimumVisualStudioVersion = 10.0.40219.1
Project("{FAE04EC0-301F-11D3-BF4B-00C04F79EFBC}") = "Check Boxe and Radio Button", "Check Boxe and Radio Button.csproj", "{9E48973E-43B2-42F5-87DE-EC1919F8F012}"
EndProject
Global
	GlobalSection(SolutionConfigurationPlatforms) = preSolution
		Debug|Any CPU = Debug|Any CPU
		Release|Any CPU = Release|Any CPU
	EndGlobalSection
	GlobalSection(ProjectConfigurationPlatforms) = postSolution
		{9E48973E-43B2-42F5-87DE-EC1919F8F012}.Debug|Any CPU.ActiveCfg = Debug|Any CPU
		{9E48973E-43B2-42F5-87DE-EC1919F8F012}.Debug|Any CPU.Build.0 = Debug|Any CPU
		{9E48973E-43B2-42F5-87DE-EC1919F8F012}.Release|Any CPU.ActiveCfg = Release|Any CPU
		{9E48973E-43B2-42F5-87DE-EC1919F8F012}.Release|Any CPU.Build.0 = Release|Any CPU
	EndGlobalSection
	GlobalSection(SolutionProperties) = preSolution
		HideSolutionNode = FALSE
	EndGlobalSection
	GlobalSection(ExtensibilityGlobals) = postSolution
		SolutionGuid = {70D185D3-A014-4C47-AFD1-EF319DFDC832}
	EndGlobalSection
EndGlobal
